// !$*UTF8*$!
{
	archiveVersion = 1;
	classes = {
	};
	objectVersion = 77;
	objects = {

/* Begin PBXBuildFile section */
		364AAC1F2F37D33900AABD55 /* Payment.swift in Sources */ = {isa = PBXBuildFile; fileRef = 364AAC122F37D33900AABD55 /* Payment.swift */; };
		364AAC212F37D33900AABD55 /* Router.swift in Sources */ = {isa = PBXBuildFile; fileRef = 364AAC142F37D33900AABD55 /* Router.swift */; };
		364AAC222F37D33900AABD55 /* HomeView.swift in Sources */ = {isa = PBXBuildFile; fileRef = 364AAC1B2F37D33900AABD55 /* HomeView.swift */; };
		364AAC232F37D33900AABD55 /* BilsApp.swift in Sources */ = {isa = PBXBuildFile; fileRef = 364AAC112F37D33900AABD55 /* BilsApp.swift */; };
		364AAC242F37D33900AABD55 /* NotificationService.swift in Sources */ = {isa = PBXBuildFile; fileRef = 364AAC162F37D33900AABD55 /* NotificationService.swift */; };
		364AAC252F37D33900AABD55 /* PaymentStore.swift in Sources */ = {isa = PBXBuildFile; fileRef = 364AAC132F37D33900AABD55 /* PaymentStore.swift */; };
		364AAC262F37D33900AABD55 /* HistoryView.swift in Sources */ = {isa = PBXBuildFile; fileRef = 364AAC1A2F37D33900AABD55 /* HistoryView.swift */; };
		364AAC272F37D33900AABD55 /* ContentView.swift in Sources */ = {isa = PBXBuildFile; fileRef = 364AAC182F37D33900AABD55 /* ContentView.swift */; };
		364AAC292F37D33900AABD55 /* PaymentRow.swift in Sources */ = {isa = PBXBuildFile; fileRef = 364AAC1C2F37D33900AABD55 /* PaymentRow.swift */; };
		7E1A0C212F8A567800BEEF01 /* SplitRequest.swift in Sources */ = {isa = PBXBuildFile; fileRef = 7E1A0C242F8A567800BEEF01 /* SplitRequest.swift */; };
		7E1A0C222F8A567800BEEF01 /* SplitRequestStore.swift in Sources */ = {isa = PBXBuildFile; fileRef = 7E1A0C252F8A567800BEEF01 /* SplitRequestStore.swift */; };
		7E1A0C232F8A567800BEEF01 /* SplitRequestDetailView.swift in Sources */ = {isa = PBXBuildFile; fileRef = 7E1A0C262F8A567800BEEF01 /* SplitRequestDetailView.swift */; };
		7E1A0C202F8A123400BEEF01 /* SettingsView.swift in Sources */ = {isa = PBXBuildFile; fileRef = 7E1A0C1F2F8A123400BEEF01 /* SettingsView.swift */; };
		364AAC2A2F37D33900AABD55 /* AppDelegate.swift in Sources */ = {isa = PBXBuildFile; fileRef = 364AAC102F37D33900AABD55 /* AppDelegate.swift */; };
		364AAC3C2F37F4B500AABD55 /* Preset.swift in Sources */ = {isa = PBXBuildFile; fileRef = 364AAC3B2F37F4B500AABD55 /* Preset.swift */; };
		364AAC402F37F70B00AABD55 /* SplitView.swift in Sources */ = {isa = PBXBuildFile; fileRef = 364AAC3F2F37F70B00AABD55 /* SplitView.swift */; };
/* End PBXBuildFile section */

/* Begin PBXContainerItemProxy section */
		364AABF42F37D22F00AABD55 /* PBXContainerItemProxy */ = {
			isa = PBXContainerItemProxy;
			containerPortal = 364AABDE2F37D22E00AABD55 /* Project object */;
			proxyType = 1;
			remoteGlobalIDString = 364AABE52F37D22E00AABD55;
			remoteInfo = bils;
		};
		364AABFE2F37D22F00AABD55 /* PBXContainerItemProxy */ = {
			isa = PBXContainerItemProxy;
			containerPortal = 364AABDE2F37D22E00AABD55 /* Project object */;
			proxyType = 1;
			remoteGlobalIDString = 364AABE52F37D22E00AABD55;
			remoteInfo = bils;
		};
/* End PBXContainerItemProxy section */

/* Begin PBXFileReference section */
		364AABE62F37D22E00AABD55 /* bils.app */ = {isa = PBXFileReference; explicitFileType = wrapper.application; includeInIndex = 0; path = bils.app; sourceTree = BUILT_PRODUCTS_DIR; };
		364AABF32F37D22F00AABD55 /* bilsTests.xctest */ = {isa = PBXFileReference; explicitFileType = wrapper.cfbundle; includeInIndex = 0; path = bilsTests.xctest; sourceTree = BUILT_PRODUCTS_DIR; };
		364AABFD2F37D22F00AABD55 /* bilsUITests.xctest */ = {isa = PBXFileReference; explicitFileType = wrapper.cfbundle; includeInIndex = 0; path = bilsUITests.xctest; sourceTree = BUILT_PRODUCTS_DIR; };
		364AAC102F37D33900AABD55 /* AppDelegate.swift */ = {isa = PBXFileReference; lastKnownFileType = sourcecode.swift; path = AppDelegate.swift; sourceTree = "<group>"; };
		364AAC112F37D33900AABD55 /* BilsApp.swift */ = {isa = PBXFileReference; lastKnownFileType = sourcecode.swift; path = BilsApp.swift; sourceTree = "<group>"; };
		364AAC122F37D33900AABD55 /* Payment.swift */ = {isa = PBXFileReference; lastKnownFileType = sourcecode.swift; path = Payment.swift; sourceTree = "<group>"; };
		364AAC132F37D33900AABD55 /* PaymentStore.swift */ = {isa = PBXFileReference; lastKnownFileType = sourcecode.swift; path = PaymentStore.swift; sourceTree = "<group>"; };
		364AAC142F37D33900AABD55 /* Router.swift */ = {isa = PBXFileReference; lastKnownFileType = sourcecode.swift; path = Router.swift; sourceTree = "<group>"; };
		7E1A0C242F8A567800BEEF01 /* SplitRequest.swift */ = {isa = PBXFileReference; lastKnownFileType = sourcecode.swift; path = SplitRequest.swift; sourceTree = "<group>"; };
		7E1A0C252F8A567800BEEF01 /* SplitRequestStore.swift */ = {isa = PBXFileReference; lastKnownFileType = sourcecode.swift; path = SplitRequestStore.swift; sourceTree = "<group>"; };
		364AAC162F37D33900AABD55 /* NotificationService.swift */ = {isa = PBXFileReference; lastKnownFileType = sourcecode.swift; path = NotificationService.swift; sourceTree = "<group>"; };
		364AAC182F37D33900AABD55 /* ContentView.swift */ = {isa = PBXFileReference; lastKnownFileType = sourcecode.swift; path = ContentView.swift; sourceTree = "<group>"; };
		364AAC1A2F37D33900AABD55 /* HistoryView.swift */ = {isa = PBXFileReference; lastKnownFileType = sourcecode.swift; path = HistoryView.swift; sourceTree = "<group>"; };
		364AAC1B2F37D33900AABD55 /* HomeView.swift */ = {isa = PBXFileReference; lastKnownFileType = sourcecode.swift; path = HomeView.swift; sourceTree = "<group>"; };
		364AAC1C2F37D33900AABD55 /* PaymentRow.swift */ = {isa = PBXFileReference; lastKnownFileType = sourcecode.swift; path = PaymentRow.swift; sourceTree = "<group>"; };
		7E1A0C262F8A567800BEEF01 /* SplitRequestDetailView.swift */ = {isa = PBXFileReference; lastKnownFileType = sourcecode.swift; path = SplitRequestDetailView.swift; sourceTree = "<group>"; };
		7E1A0C1F2F8A123400BEEF01 /* SettingsView.swift */ = {isa = PBXFileReference; lastKnownFileType = sourcecode.swift; path = SettingsView.swift; sourceTree = "<group>"; };
		364AAC3B2F37F4B500AABD55 /* Preset.swift */ = {isa = PBXFileReference; lastKnownFileType = sourcecode.swift; path = Preset.swift; sourceTree = "<group>"; };
		364AAC3F2F37F70B00AABD55 /* SplitView.swift */ = {isa = PBXFileReference; lastKnownFileType = sourcecode.swift; path = SplitView.swift; sourceTree = "<group>"; };
/* End PBXFileReference section */

/* Begin PBXFileSystemSynchronizedRootGroup section */
		364AABE82F37D22E00AABD55 /* bils */ = {
			isa = PBXFileSystemSynchronizedRootGroup;
			path = bils;
			sourceTree = "<group>";
		};
		364AABF62F37D22F00AABD55 /* bilsTests */ = {
			isa = PBXFileSystemSynchronizedRootGroup;
			path = bilsTests;
			sourceTree = "<group>";
		};
		364AAC002F37D22F00AABD55 /* bilsUITests */ = {
			isa = PBXFileSystemSynchronizedRootGroup;
			path = bilsUITests;
			sourceTree = "<group>";
		};
/* End PBXFileSystemSynchronizedRootGroup section */

/* Begin PBXFrameworksBuildPhase section */
		364AABE32F37D22E00AABD55 /* Frameworks */ = {
			isa = PBXFrameworksBuildPhase;
			buildActionMask = 2147483647;
			files = (
			);
			runOnlyForDeploymentPostprocessing = 0;
		};
		364AABF02F37D22F00AABD55 /* Frameworks */ = {
			isa = PBXFrameworksBuildPhase;
			buildActionMask = 2147483647;
			files = (
			);
			runOnlyForDeploymentPostprocessing = 0;
		};
		364AABFA2F37D22F00AABD55 /* Frameworks */ = {
			isa = PBXFrameworksBuildPhase;
			buildActionMask = 2147483647;
			files = (
			);
			runOnlyForDeploymentPostprocessing = 0;
		};
/* End PBXFrameworksBuildPhase section */

/* Begin PBXGroup section */
		364AABDD2F37D22E00AABD55 = {
			isa = PBXGroup;
			children = (
				364AAC102F37D33900AABD55 /* AppDelegate.swift */,
				364AAC112F37D33900AABD55 /* BilsApp.swift */,
				364AAC152F37D33900AABD55 /* Models */,
				364AAC172F37D33900AABD55 /* Services */,
				364AAC1E2F37D33900AABD55 /* Views */,
				364AABE82F37D22E00AABD55 /* bils */,
				364AABF62F37D22F00AABD55 /* bilsTests */,
				364AAC002F37D22F00AABD55 /* bilsUITests */,
				364AABE72F37D22E00AABD55 /* Products */,
			);
			sourceTree = "<group>";
		};
		364AABE72F37D22E00AABD55 /* Products */ = {
			isa = PBXGroup;
			children = (
				364AABE62F37D22E00AABD55 /* bils.app */,
				364AABF32F37D22F00AABD55 /* bilsTests.xctest */,
				364AABFD2F37D22F00AABD55 /* bilsUITests.xctest */,
			);
			name = Products;
			sourceTree = "<group>";
		};
		364AAC152F37D33900AABD55 /* Models */ = {
			isa = PBXGroup;
			children = (
				364AAC3B2F37F4B500AABD55 /* Preset.swift */,
				364AAC122F37D33900AABD55 /* Payment.swift */,
				364AAC132F37D33900AABD55 /* PaymentStore.swift */,
				364AAC142F37D33900AABD55 /* Router.swift */,
				7E1A0C242F8A567800BEEF01 /* SplitRequest.swift */,
				7E1A0C252F8A567800BEEF01 /* SplitRequestStore.swift */,
			);
			path = Models;
			sourceTree = "<group>";
		};
		364AAC172F37D33900AABD55 /* Services */ = {
			isa = PBXGroup;
			children = (
				364AAC162F37D33900AABD55 /* NotificationService.swift */,
			);
			path = Services;
			sourceTree = "<group>";
		};
		364AAC1E2F37D33900AABD55 /* Views */ = {
			isa = PBXGroup;
			children = (
				364AAC3F2F37F70B00AABD55 /* SplitView.swift */,
				364AAC182F37D33900AABD55 /* ContentView.swift */,
				364AAC1A2F37D33900AABD55 /* HistoryView.swift */,
				364AAC1B2F37D33900AABD55 /* HomeView.swift */,
				364AAC1C2F37D33900AABD55 /* PaymentRow.swift */,
				7E1A0C262F8A567800BEEF01 /* SplitRequestDetailView.swift */,
				7E1A0C1F2F8A123400BEEF01 /* SettingsView.swift */,
			);
			path = Views;
			sourceTree = "<group>";
		};
/* End PBXGroup section */

/* Begin PBXNativeTarget section */
		364AABE52F37D22E00AABD55 /* bils */ = {
			isa = PBXNativeTarget;
			buildConfigurationList = 364AAC072F37D22F00AABD55 /* Build configuration list for PBXNativeTarget "bils" */;
			buildPhases = (
				364AABE22F37D22E00AABD55 /* Sources */,
				364AABE32F37D22E00AABD55 /* Frameworks */,
				364AABE42F37D22E00AABD55 /* Resources */,
			);
			buildRules = (
			);
			dependencies = (
			);
			fileSystemSynchronizedGroups = (
				364AABE82F37D22E00AABD55 /* bils */,
			);
			name = bils;
			packageProductDependencies = (
			);
			productName = bils;
			productReference = 364AABE62F37D22E00AABD55 /* bils.app */;
			productType = "com.apple.product-type.application";
		};
		364AABF22F37D22F00AABD55 /* bilsTests */ = {
			isa = PBXNativeTarget;
			buildConfigurationList = 364AAC0A2F37D22F00AABD55 /* Build configuration list for PBXNativeTarget "bilsTests" */;
			buildPhases = (
				364AABEF2F37D22F00AABD55 /* Sources */,
				364AABF02F37D22F00AABD55 /* Frameworks */,
				364AABF12F37D22F00AABD55 /* Resources */,
			);
			buildRules = (
			);
			dependencies = (
				364AABF52F37D22F00AABD55 /* PBXTargetDependency */,
			);
			fileSystemSynchronizedGroups = (
				364AABF62F37D22F00AABD55 /* bilsTests */,
			);
			name = bilsTests;
			packageProductDependencies = (
			);
			productName = bilsTests;
			productReference = 364AABF32F37D22F00AABD55 /* bilsTests.xctest */;
			productType = "com.apple.product-type.bundle.unit-test";
		};
		364AABFC2F37D22F00AABD55 /* bilsUITests */ = {
			isa = PBXNativeTarget;
			buildConfigurationList = 364AAC0D2F37D22F00AABD55 /* Build configuration list for PBXNativeTarget "bilsUITests" */;
			buildPhases = (
				364AABF92F37D22F00AABD55 /* Sources */,
				364AABFA2F37D22F00AABD55 /* Frameworks */,
				364AABFB2F37D22F00AABD55 /* Resources */,
			);
			buildRules = (
			);
			dependencies = (
				364AABFF2F37D22F00AABD55 /* PBXTargetDependency */,
			);
			fileSystemSynchronizedGroups = (
				364AAC002F37D22F00AABD55 /* bilsUITests */,
			);
			name = bilsUITests;
			packageProductDependencies = (
			);
			productName = bilsUITests;
			productReference = 364AABFD2F37D22F00AABD55 /* bilsUITests.xctest */;
			productType = "com.apple.product-type.bundle.ui-testing";
		};
/* End PBXNativeTarget section */

/* Begin PBXProject section */
		364AABDE2F37D22E00AABD55 /* Project object */ = {
			isa = PBXProject;
			attributes = {
				BuildIndependentTargetsInParallel = 1;
				LastSwiftUpdateCheck = 1640;
				LastUpgradeCheck = 1640;
				TargetAttributes = {
					364AABE52F37D22E00AABD55 = {
						CreatedOnToolsVersion = 16.4;
					};
					364AABF22F37D22F00AABD55 = {
						CreatedOnToolsVersion = 16.4;
						TestTargetID = 364AABE52F37D22E00AABD55;
					};
					364AABFC2F37D22F00AABD55 = {
						CreatedOnToolsVersion = 16.4;
						TestTargetID = 364AABE52F37D22E00AABD55;
					};
				};
			};
			buildConfigurationList = 364AABE12F37D22E00AABD55 /* Build configuration list for PBXProject "bils" */;
			developmentRegion = en;
			hasScannedForEncodings = 0;
			knownRegions = (
				en,
				Base,
			);
			mainGroup = 364AABDD2F37D22E00AABD55;
			minimizedProjectReferenceProxies = 1;
			preferredProjectObjectVersion = 77;
			productRefGroup = 364AABE72F37D22E00AABD55 /* Products */;
			projectDirPath = "";
			projectRoot = "";
			targets = (
				364AABE52F37D22E00AABD55 /* bils */,
				364AABF22F37D22F00AABD55 /* bilsTests */,
				364AABFC2F37D22F00AABD55 /* bilsUITests */,
			);
		};
/* End PBXProject section */

/* Begin PBXResourcesBuildPhase section */
		364AABE42F37D22E00AABD55 /* Resources */ = {
			isa = PBXResourcesBuildPhase;
			buildActionMask = 2147483647;
			files = (
			);
			runOnlyForDeploymentPostprocessing = 0;
		};
		364AABF12F37D22F00AABD55 /* Resources */ = {
			isa = PBXResourcesBuildPhase;
			buildActionMask = 2147483647;
			files = (
			);
			runOnlyForDeploymentPostprocessing = 0;
		};
		364AABFB2F37D22F00AABD55 /* Resources */ = {
			isa = PBXResourcesBuildPhase;
			buildActionMask = 2147483647;
			files = (
			);
			runOnlyForDeploymentPostprocessing = 0;
		};
/* End PBXResourcesBuildPhase section */

/* Begin PBXSourcesBuildPhase section */
		364AABE22F37D22E00AABD55 /* Sources */ = {
			isa = PBXSourcesBuildPhase;
			buildActionMask = 2147483647;
			files = (
				364AAC1F2F37D33900AABD55 /* Payment.swift in Sources */,
				364AAC212F37D33900AABD55 /* Router.swift in Sources */,
				364AAC222F37D33900AABD55 /* HomeView.swift in Sources */,
				364AAC232F37D33900AABD55 /* BilsApp.swift in Sources */,
				364AAC242F37D33900AABD55 /* NotificationService.swift in Sources */,
				364AAC402F37F70B00AABD55 /* SplitView.swift in Sources */,
				364AAC252F37D33900AABD55 /* PaymentStore.swift in Sources */,
				364AAC262F37D33900AABD55 /* HistoryView.swift in Sources */,
				364AAC272F37D33900AABD55 /* ContentView.swift in Sources */,
				364AAC3C2F37F4B500AABD55 /* Preset.swift in Sources */,
				364AAC292F37D33900AABD55 /* PaymentRow.swift in Sources */,
				7E1A0C212F8A567800BEEF01 /* SplitRequest.swift in Sources */,
				7E1A0C222F8A567800BEEF01 /* SplitRequestStore.swift in Sources */,
				7E1A0C232F8A567800BEEF01 /* SplitRequestDetailView.swift in Sources */,
				7E1A0C202F8A123400BEEF01 /* SettingsView.swift in Sources */,
				364AAC2A2F37D33900AABD55 /* AppDelegate.swift in Sources */,
			);
			runOnlyForDeploymentPostprocessing = 0;
		};
		364AABEF2F37D22F00AABD55 /* Sources */ = {
			isa = PBXSourcesBuildPhase;
			buildActionMask = 2147483647;
			files = (
			);
			runOnlyForDeploymentPostprocessing = 0;
		};
		364AABF92F37D22F00AABD55 /* Sources */ = {
			isa = PBXSourcesBuildPhase;
			buildActionMask = 2147483647;
			files = (
			);
			runOnlyForDeploymentPostprocessing = 0;
		};
/* End PBXSourcesBuildPhase section */

/* Begin PBXTargetDependency section */
		364AABF52F37D22F00AABD55 /* PBXTargetDependency */ = {
			isa = PBXTargetDependency;
			target = 364AABE52F37D22E00AABD55 /* bils */;
			targetProxy = 364AABF42F37D22F00AABD55 /* PBXContainerItemProxy */;
		};
		364AABFF2F37D22F00AABD55 /* PBXTargetDependency */ = {
			isa = PBXTargetDependency;
			target = 364AABE52F37D22E00AABD55 /* bils */;
			targetProxy = 364AABFE2F37D22F00AABD55 /* PBXContainerItemProxy */;
		};
/* End PBXTargetDependency section */

/* Begin XCBuildConfiguration section */
		364AAC052F37D22F00AABD55 /* Debug */ = {
			isa = XCBuildConfiguration;
			buildSettings = {
				ALWAYS_SEARCH_USER_PATHS = NO;
				ASSETCATALOG_COMPILER_GENERATE_SWIFT_ASSET_SYMBOL_EXTENSIONS = YES;
				CLANG_ANALYZER_NONNULL = YES;
				CLANG_ANALYZER_NUMBER_OBJECT_CONVERSION = YES_AGGRESSIVE;
				CLANG_CXX_LANGUAGE_STANDARD = "gnu++20";
				CLANG_ENABLE_MODULES = YES;
				CLANG_ENABLE_OBJC_ARC = YES;
				CLANG_ENABLE_OBJC_WEAK = YES;
				CLANG_WARN_BLOCK_CAPTURE_AUTORELEASING = YES;
				CLANG_WARN_BOOL_CONVERSION = YES;
				CLANG_WARN_COMMA = YES;
				CLANG_WARN_CONSTANT_CONVERSION = YES;
				CLANG_WARN_DEPRECATED_OBJC_IMPLEMENTATIONS = YES;
				CLANG_WARN_DIRECT_OBJC_ISA_USAGE = YES_ERROR;
				CLANG_WARN_DOCUMENTATION_COMMENTS = YES;
				CLANG_WARN_EMPTY_BODY = YES;
				CLANG_WARN_ENUM_CONVERSION = YES;
				CLANG_WARN_INFINITE_RECURSION = YES;
				CLANG_WARN_INT_CONVERSION = YES;
				CLANG_WARN_NON_LITERAL_NULL_CONVERSION = YES;
				CLANG_WARN_OBJC_IMPLICIT_RETAIN_SELF = YES;
				CLANG_WARN_OBJC_LITERAL_CONVERSION = YES;
				CLANG_WARN_OBJC_ROOT_CLASS = YES_ERROR;
				CLANG_WARN_QUOTED_INCLUDE_IN_FRAMEWORK_HEADER = YES;
				CLANG_WARN_RANGE_LOOP_ANALYSIS = YES;
				CLANG_WARN_STRICT_PROTOTYPES = YES;
				CLANG_WARN_SUSPICIOUS_MOVE = YES;
				CLANG_WARN_UNGUARDED_AVAILABILITY = YES_AGGRESSIVE;
				CLANG_WARN_UNREACHABLE_CODE = YES;
				CLANG_WARN__DUPLICATE_METHOD_MATCH = YES;
				COPY_PHASE_STRIP = NO;
				DEBUG_INFORMATION_FORMAT = dwarf;
				DEVELOPMENT_TEAM = 7KDG3JQA69;
				ENABLE_STRICT_OBJC_MSGSEND = YES;
				ENABLE_TESTABILITY = YES;
				ENABLE_USER_SCRIPT_SANDBOXING = YES;
				GCC_C_LANGUAGE_STANDARD = gnu17;
				GCC_DYNAMIC_NO_PIC = NO;
				GCC_NO_COMMON_BLOCKS = YES;
				GCC_OPTIMIZATION_LEVEL = 0;
				GCC_PREPROCESSOR_DEFINITIONS = (
					"DEBUG=1",
					"$(inherited)",
				);
				GCC_WARN_64_TO_32_BIT_CONVERSION = YES;
				GCC_WARN_ABOUT_RETURN_TYPE = YES_ERROR;
				GCC_WARN_UNDECLARED_SELECTOR = YES;
				GCC_WARN_UNINITIALIZED_AUTOS = YES_AGGRESSIVE;
				GCC_WARN_UNUSED_FUNCTION = YES;
				GCC_WARN_UNUSED_VARIABLE = YES;
				IPHONEOS_DEPLOYMENT_TARGET = 17.6;
				LOCALIZATION_PREFERS_STRING_CATALOGS = YES;
				MTL_ENABLE_DEBUG_INFO = INCLUDE_SOURCE;
				MTL_FAST_MATH = YES;
				ONLY_ACTIVE_ARCH = YES;
				SDKROOT = iphoneos;
				SWIFT_ACTIVE_COMPILATION_CONDITIONS = "DEBUG $(inherited)";
				SWIFT_OPTIMIZATION_LEVEL = "-Onone";
			};
			name = Debug;
		};
		364AAC062F37D22F00AABD55 /* Release */ = {
			isa = XCBuildConfiguration;
			buildSettings = {
				ALWAYS_SEARCH_USER_PATHS = NO;
				ASSETCATALOG_COMPILER_GENERATE_SWIFT_ASSET_SYMBOL_EXTENSIONS = YES;
				CLANG_ANALYZER_NONNULL = YES;
				CLANG_ANALYZER_NUMBER_OBJECT_CONVERSION = YES_AGGRESSIVE;
				CLANG_CXX_LANGUAGE_STANDARD = "gnu++20";
				CLANG_ENABLE_MODULES = YES;
				CLANG_ENABLE_OBJC_ARC = YES;
				CLANG_ENABLE_OBJC_WEAK = YES;
				CLANG_WARN_BLOCK_CAPTURE_AUTORELEASING = YES;
				CLANG_WARN_BOOL_CONVERSION = YES;
				CLANG_WARN_COMMA = YES;
				CLANG_WARN_CONSTANT_CONVERSION = YES;
				CLANG_WARN_DEPRECATED_OBJC_IMPLEMENTATIONS = YES;
				CLANG_WARN_DIRECT_OBJC_ISA_USAGE = YES_ERROR;
				CLANG_WARN_DOCUMENTATION_COMMENTS = YES;
				CLANG_WARN_EMPTY_BODY = YES;
				CLANG_WARN_ENUM_CONVERSION = YES;
				CLANG_WARN_INFINITE_RECURSION = YES;
				CLANG_WARN_INT_CONVERSION = YES;
				CLANG_WARN_NON_LITERAL_NULL_CONVERSION = YES;
				CLANG_WARN_OBJC_IMPLICIT_RETAIN_SELF = YES;
				CLANG_WARN_OBJC_LITERAL_CONVERSION = YES;
				CLANG_WARN_OBJC_ROOT_CLASS = YES_ERROR;
				CLANG_WARN_QUOTED_INCLUDE_IN_FRAMEWORK_HEADER = YES;
				CLANG_WARN_RANGE_LOOP_ANALYSIS = YES;
				CLANG_WARN_STRICT_PROTOTYPES = YES;
				CLANG_WARN_SUSPICIOUS_MOVE = YES;
				CLANG_WARN_UNGUARDED_AVAILABILITY = YES_AGGRESSIVE;
				CLANG_WARN_UNREACHABLE_CODE = YES;
				CLANG_WARN__DUPLICATE_METHOD_MATCH = YES;
				COPY_PHASE_STRIP = NO;
				DEBUG_INFORMATION_FORMAT = "dwarf-with-dsym";
				DEVELOPMENT_TEAM = 7KDG3JQA69;
				ENABLE_NS_ASSERTIONS = NO;
				ENABLE_STRICT_OBJC_MSGSEND = YES;
				ENABLE_USER_SCRIPT_SANDBOXING = YES;
				GCC_C_LANGUAGE_STANDARD = gnu17;
				GCC_NO_COMMON_BLOCKS = YES;
				GCC_WARN_64_TO_32_BIT_CONVERSION = YES;
				GCC_WARN_ABOUT_RETURN_TYPE = YES_ERROR;
				GCC_WARN_UNDECLARED_SELECTOR = YES;
				GCC_WARN_UNINITIALIZED_AUTOS = YES_AGGRESSIVE;
				GCC_WARN_UNUSED_FUNCTION = YES;
				GCC_WARN_UNUSED_VARIABLE = YES;
				IPHONEOS_DEPLOYMENT_TARGET = 17.6;
				LOCALIZATION_PREFERS_STRING_CATALOGS = YES;
				MTL_ENABLE_DEBUG_INFO = NO;
				MTL_FAST_MATH = YES;
				SDKROOT = iphoneos;
				SWIFT_COMPILATION_MODE = wholemodule;
				VALIDATE_PRODUCT = YES;
			};
			name = Release;
		};
		364AAC082F37D22F00AABD55 /* Debug */ = {
			isa = XCBuildConfiguration;
			buildSettings = {
				ASSETCATALOG_COMPILER_APPICON_NAME = AppIcon;
				ASSETCATALOG_COMPILER_GLOBAL_ACCENT_COLOR_NAME = AccentColor;
				CODE_SIGN_STYLE = Automatic;
				CURRENT_PROJECT_VERSION = 1;
				DEVELOPMENT_TEAM = 7KDG3JQA69;
				ENABLE_PREVIEWS = YES;
				GENERATE_INFOPLIST_FILE = YES;
				INFOPLIST_KEY_UIApplicationSceneManifest_Generation = YES;
				INFOPLIST_KEY_UIApplicationSupportsIndirectInputEvents = YES;
				INFOPLIST_KEY_UILaunchScreen_Generation = YES;
				INFOPLIST_KEY_UISupportedInterfaceOrientations_iPad = "UIInterfaceOrientationPortrait UIInterfaceOrientationPortraitUpsideDown UIInterfaceOrientationLandscapeLeft UIInterfaceOrientationLandscapeRight";
				INFOPLIST_KEY_UISupportedInterfaceOrientations_iPhone = "UIInterfaceOrientationPortrait UIInterfaceOrientationLandscapeLeft UIInterfaceOrientationLandscapeRight";
				LD_RUNPATH_SEARCH_PATHS = (
					"$(inherited)",
					"@executable_path/Frameworks",
				);
				MARKETING_VERSION = 1.0;
				PRODUCT_BUNDLE_IDENTIFIER = devfest26.bils;
				PRODUCT_NAME = "$(TARGET_NAME)";
				SWIFT_EMIT_LOC_STRINGS = YES;
				SWIFT_VERSION = 5.0;
				TARGETED_DEVICE_FAMILY = "1,2";
			};
			name = Debug;
		};
		364AAC092F37D22F00AABD55 /* Release */ = {
			isa = XCBuildConfiguration;
			buildSettings = {
				ASSETCATALOG_COMPILER_APPICON_NAME = AppIcon;
				ASSETCATALOG_COMPILER_GLOBAL_ACCENT_COLOR_NAME = AccentColor;
				CODE_SIGN_STYLE = Automatic;
				CURRENT_PROJECT_VERSION = 1;
				DEVELOPMENT_TEAM = 7KDG3JQA69;
				ENABLE_PREVIEWS = YES;
				GENERATE_INFOPLIST_FILE = YES;
				INFOPLIST_KEY_UIApplicationSceneManifest_Generation = YES;
				INFOPLIST_KEY_UIApplicationSupportsIndirectInputEvents = YES;
				INFOPLIST_KEY_UILaunchScreen_Generation = YES;
				INFOPLIST_KEY_UISupportedInterfaceOrientations_iPad = "UIInterfaceOrientationPortrait UIInterfaceOrientationPortraitUpsideDown UIInterfaceOrientationLandscapeLeft UIInterfaceOrientationLandscapeRight";
				INFOPLIST_KEY_UISupportedInterfaceOrientations_iPhone = "UIInterfaceOrientationPortrait UIInterfaceOrientationLandscapeLeft UIInterfaceOrientationLandscapeRight";
				LD_RUNPATH_SEARCH_PATHS = (
					"$(inherited)",
					"@executable_path/Frameworks",
				);
				MARKETING_VERSION = 1.0;
				PRODUCT_BUNDLE_IDENTIFIER = devfest26.bils;
				PRODUCT_NAME = "$(TARGET_NAME)";
				SWIFT_EMIT_LOC_STRINGS = YES;
				SWIFT_VERSION = 5.0;
				TARGETED_DEVICE_FAMILY = "1,2";
			};
			name = Release;
		};
		364AAC0B2F37D22F00AABD55 /* Debug */ = {
			isa = XCBuildConfiguration;
			buildSettings = {
				BUNDLE_LOADER = "$(TEST_HOST)";
				CODE_SIGN_STYLE = Automatic;
				CURRENT_PROJECT_VERSION = 1;
				DEVELOPMENT_TEAM = 7KDG3JQA69;
				GENERATE_INFOPLIST_FILE = YES;
				IPHONEOS_DEPLOYMENT_TARGET = 18.5;
				MARKETING_VERSION = 1.0;
				PRODUCT_BUNDLE_IDENTIFIER = devfest26.bilsTests;
				PRODUCT_NAME = "$(TARGET_NAME)";
				SWIFT_EMIT_LOC_STRINGS = NO;
				SWIFT_VERSION = 5.0;
				TARGETED_DEVICE_FAMILY = "1,2";
				TEST_HOST = "$(BUILT_PRODUCTS_DIR)/bils.app/$(BUNDLE_EXECUTABLE_FOLDER_PATH)/bils";
			};
			name = Debug;
		};
		364AAC0C2F37D22F00AABD55 /* Release */ = {
			isa = XCBuildConfiguration;
			buildSettings = {
				BUNDLE_LOADER = "$(TEST_HOST)";
				CODE_SIGN_STYLE = Automatic;
				CURRENT_PROJECT_VERSION = 1;
				DEVELOPMENT_TEAM = 7KDG3JQA69;
				GENERATE_INFOPLIST_FILE = YES;
				IPHONEOS_DEPLOYMENT_TARGET = 18.5;
				MARKETING_VERSION = 1.0;
				PRODUCT_BUNDLE_IDENTIFIER = devfest26.bilsTests;
				PRODUCT_NAME = "$(TARGET_NAME)";
				SWIFT_EMIT_LOC_STRINGS = NO;
				SWIFT_VERSION = 5.0;
				TARGETED_DEVICE_FAMILY = "1,2";
				TEST_HOST = "$(BUILT_PRODUCTS_DIR)/bils.app/$(BUNDLE_EXECUTABLE_FOLDER_PATH)/bils";
			};
			name = Release;
		};
		364AAC0E2F37D22F00AABD55 /* Debug */ = {
			isa = XCBuildConfiguration;
			buildSettings = {
				CODE_SIGN_STYLE = Automatic;
				CURRENT_PROJECT_VERSION = 1;
				DEVELOPMENT_TEAM = 7KDG3JQA69;
				GENERATE_INFOPLIST_FILE = YES;
				MARKETING_VERSION = 1.0;
				PRODUCT_BUNDLE_IDENTIFIER = devfest26.bilsUITests;
				PRODUCT_NAME = "$(TARGET_NAME)";
				SWIFT_EMIT_LOC_STRINGS = NO;
				SWIFT_VERSION = 5.0;
				TARGETED_DEVICE_FAMILY = "1,2";
				TEST_TARGET_NAME = bils;
			};
			name = Debug;
		};
		364AAC0F2F37D22F00AABD55 /* Release */ = {
			isa = XCBuildConfiguration;
			buildSettings = {
				CODE_SIGN_STYLE = Automatic;
				CURRENT_PROJECT_VERSION = 1;
				DEVELOPMENT_TEAM = 7KDG3JQA69;
				GENERATE_INFOPLIST_FILE = YES;
				MARKETING_VERSION = 1.0;
				PRODUCT_BUNDLE_IDENTIFIER = devfest26.bilsUITests;
				PRODUCT_NAME = "$(TARGET_NAME)";
				SWIFT_EMIT_LOC_STRINGS = NO;
				SWIFT_VERSION = 5.0;
				TARGETED_DEVICE_FAMILY = "1,2";
				TEST_TARGET_NAME = bils;
			};
			name = Release;
		};
/* End XCBuildConfiguration section */

/* Begin XCConfigurationList section */
		364AABE12F37D22E00AABD55 /* Build configuration list for PBXProject "bils" */ = {
			isa = XCConfigurationList;
			buildConfigurations = (
				364AAC052F37D22F00AABD55 /* Debug */,
				364AAC062F37D22F00AABD55 /* Release */,
			);
			defaultConfigurationIsVisible = 0;
			defaultConfigurationName = Release;
		};
		364AAC072F37D22F00AABD55 /* Build configuration list for PBXNativeTarget "bils" */ = {
			isa = XCConfigurationList;
			buildConfigurations = (
				364AAC082F37D22F00AABD55 /* Debug */,
				364AAC092F37D22F00AABD55 /* Release */,
			);
			defaultConfigurationIsVisible = 0;
			defaultConfigurationName = Release;
		};
		364AAC0A2F37D22F00AABD55 /* Build configuration list for PBXNativeTarget "bilsTests" */ = {
			isa = XCConfigurationList;
			buildConfigurations = (
				364AAC0B2F37D22F00AABD55 /* Debug */,
				364AAC0C2F37D22F00AABD55 /* Release */,
			);
			defaultConfigurationIsVisible = 0;
			defaultConfigurationName = Release;
		};
		364AAC0D2F37D22F00AABD55 /* Build configuration list for PBXNativeTarget "bilsUITests" */ = {
			isa = XCConfigurationList;
			buildConfigurations = (
				364AAC0E2F37D22F00AABD55 /* Debug */,
				364AAC0F2F37D22F00AABD55 /* Release */,
			);
			defaultConfigurationIsVisible = 0;
			defaultConfigurationName = Release;
		};
/* End XCConfigurationList section */
	};
	rootObject = 364AABDE2F37D22E00AABD55 /* Project object */;
}
